// !$*UTF8*$!
{
	archiveVersion = 1;
	classes = {
	};
	objectVersion = 77;
	objects = {

/* Begin PBXContainerItemProxy section */
		0C56AD152CF0D6AF00499F0D /* PBXContainerItemProxy */ = {
			isa = PBXContainerItemProxy;
			containerPortal = 0C56ACFC2CF0D6AD00499F0D /* Project object */;
			proxyType = 1;
			remoteGlobalIDString = 0C56AD032CF0D6AD00499F0D;
			remoteInfo = MedalCaseApp;
		};
		0C56AD1F2CF0D6AF00499F0D /* PBXContainerItemProxy */ = {
			isa = PBXContainerItemProxy;
			containerPortal = 0C56ACFC2CF0D6AD00499F0D /* Project object */;
			proxyType = 1;
			remoteGlobalIDString = 0C56AD032CF0D6AD00499F0D;
			remoteInfo = MedalCaseApp;
		};
/* End PBXContainerItemProxy section */

/* Begin PBXFileReference section */
		0C56AD042CF0D6AD00499F0D /* MedalCaseApp.app */ = {isa = PBXFileReference; explicitFileType = wrapper.application; includeInIndex = 0; path = MedalCaseApp.app; sourceTree = BUILT_PRODUCTS_DIR; };
		0C56AD142CF0D6AF00499F0D /* MedalCaseAppTests.xctest */ = {isa = PBXFileReference; explicitFileType = wrapper.cfbundle; includeInIndex = 0; path = MedalCaseAppTests.xctest; sourceTree = BUILT_PRODUCTS_DIR; };
		0C56AD1E2CF0D6AF00499F0D /* MedalCaseAppUITests.xctest */ = {isa = PBXFileReference; explicitFileType = wrapper.cfbundle; includeInIndex = 0; path = MedalCaseAppUITests.xctest; sourceTree = BUILT_PRODUCTS_DIR; };
/* End PBXFileReference section */

/* Begin PBXFileSystemSynchronizedRootGroup section */
		0C56AD062CF0D6AD00499F0D /* MedalCaseApp */ = {
			isa = PBXFileSystemSynchronizedRootGroup;
			path = MedalCaseApp;
			sourceTree = "<group>";
		};
		0C56AD172CF0D6AF00499F0D /* MedalCaseAppTests */ = {
			isa = PBXFileSystemSynchronizedRootGroup;
			path = MedalCaseAppTests;
			sourceTree = "<group>";
		};
		0C56AD212CF0D6B000499F0D /* MedalCaseAppUITests */ = {
			isa = PBXFileSystemSynchronizedRootGroup;
			path = MedalCaseAppUITests;
			sourceTree = "<group>";
		};
/* End PBXFileSystemSynchronizedRootGroup section */

/* Begin PBXFrameworksBuildPhase section */
		0C56AD012CF0D6AD00499F0D /* Frameworks */ = {
			isa = PBXFrameworksBuildPhase;
			buildActionMask = 2147483647;
			files = (
			);
			runOnlyForDeploymentPostprocessing = 0;
		};
		0C56AD112CF0D6AF00499F0D /* Frameworks */ = {
			isa = PBXFrameworksBuildPhase;
			buildActionMask = 2147483647;
			files = (
			);
			runOnlyForDeploymentPostprocessing = 0;
		};
		0C56AD1B2CF0D6AF00499F0D /* Frameworks */ = {
			isa = PBXFrameworksBuildPhase;
			buildActionMask = 2147483647;
			files = (
			);
			runOnlyForDeploymentPostprocessing = 0;
		};
/* End PBXFrameworksBuildPhase section */

/* Begin PBXGroup section */
		0C56ACFB2CF0D6AD00499F0D = {
			isa = PBXGroup;
			children = (
				0C56AD062CF0D6AD00499F0D /* MedalCaseApp */,
				0C56AD172CF0D6AF00499F0D /* MedalCaseAppTests */,
				0C56AD212CF0D6B000499F0D /* MedalCaseAppUITests */,
				0C56AD052CF0D6AD00499F0D /* Products */,
			);
			sourceTree = "<group>";
		};
		0C56AD052CF0D6AD00499F0D /* Products */ = {
			isa = PBXGroup;
			children = (
				0C56AD042CF0D6AD00499F0D /* MedalCaseApp.app */,
				0C56AD142CF0D6AF00499F0D /* MedalCaseAppTests.xctest */,
				0C56AD1E2CF0D6AF00499F0D /* MedalCaseAppUITests.xctest */,
			);
			name = Products;
			sourceTree = "<group>";
		};
/* End PBXGroup section */

/* Begin PBXNativeTarget section */
		0C56AD032CF0D6AD00499F0D /* MedalCaseApp */ = {
			isa = PBXNativeTarget;
			buildConfigurationList = 0C56AD282CF0D6B000499F0D /* Build configuration list for PBXNativeTarget "MedalCaseApp" */;
			buildPhases = (
				0C56AD002CF0D6AD00499F0D /* Sources */,
				0C56AD012CF0D6AD00499F0D /* Frameworks */,
				0C56AD022CF0D6AD00499F0D /* Resources */,
			);
			buildRules = (
			);
			dependencies = (
			);
			fileSystemSynchronizedGroups = (
				0C56AD062CF0D6AD00499F0D /* MedalCaseApp */,
			);
			name = MedalCaseApp;
			packageProductDependencies = (
			);
			productName = MedalCaseApp;
			productReference = 0C56AD042CF0D6AD00499F0D /* MedalCaseApp.app */;
			productType = "com.apple.product-type.application";
		};
		0C56AD132CF0D6AF00499F0D /* MedalCaseAppTests */ = {
			isa = PBXNativeTarget;
			buildConfigurationList = 0C56AD2B2CF0D6B000499F0D /* Build configuration list for PBXNativeTarget "MedalCaseAppTests" */;
			buildPhases = (
				0C56AD102CF0D6AF00499F0D /* Sources */,
				0C56AD112CF0D6AF00499F0D /* Frameworks */,
				0C56AD122CF0D6AF00499F0D /* Resources */,
			);
			buildRules = (
			);
			dependencies = (
				0C56AD162CF0D6AF00499F0D /* PBXTargetDependency */,
			);
			fileSystemSynchronizedGroups = (
				0C56AD172CF0D6AF00499F0D /* MedalCaseAppTests */,
			);
			name = MedalCaseAppTests;
			packageProductDependencies = (
			);
			productName = MedalCaseAppTests;
			productReference = 0C56AD142CF0D6AF00499F0D /* MedalCaseAppTests.xctest */;
			productType = "com.apple.product-type.bundle.unit-test";
		};
		0C56AD1D2CF0D6AF00499F0D /* MedalCaseAppUITests */ = {
			isa = PBXNativeTarget;
			buildConfigurationList = 0C56AD2E2CF0D6B000499F0D /* Build configuration list for PBXNativeTarget "MedalCaseAppUITests" */;
			buildPhases = (
				0C56AD1A2CF0D6AF00499F0D /* Sources */,
				0C56AD1B2CF0D6AF00499F0D /* Frameworks */,
				0C56AD1C2CF0D6AF00499F0D /* Resources */,
			);
			buildRules = (
			);
			dependencies = (
				0C56AD202CF0D6AF00499F0D /* PBXTargetDependency */,
			);
			fileSystemSynchronizedGroups = (
				0C56AD212CF0D6B000499F0D /* MedalCaseAppUITests */,
			);
			name = MedalCaseAppUITests;
			packageProductDependencies = (
			);
			productName = MedalCaseAppUITests;
			productReference = 0C56AD1E2CF0D6AF00499F0D /* MedalCaseAppUITests.xctest */;
			productType = "com.apple.product-type.bundle.ui-testing";
		};
/* End PBXNativeTarget section */

/* Begin PBXProject section */
		0C56ACFC2CF0D6AD00499F0D /* Project object */ = {
			isa = PBXProject;
			attributes = {
				BuildIndependentTargetsInParallel = 1;
				LastSwiftUpdateCheck = 1610;
				LastUpgradeCheck = 1610;
				TargetAttributes = {
					0C56AD032CF0D6AD00499F0D = {
						CreatedOnToolsVersion = 16.1;
					};
					0C56AD132CF0D6AF00499F0D = {
						CreatedOnToolsVersion = 16.1;
						TestTargetID = 0C56AD032CF0D6AD00499F0D;
					};
					0C56AD1D2CF0D6AF00499F0D = {
						CreatedOnToolsVersion = 16.1;
						TestTargetID = 0C56AD032CF0D6AD00499F0D;
					};
				};
			};
			buildConfigurationList = 0C56ACFF2CF0D6AD00499F0D /* Build configuration list for PBXProject "MedalCaseApp" */;
			developmentRegion = en;
			hasScannedForEncodings = 0;
			knownRegions = (
				en,
				Base,
			);
			mainGroup = 0C56ACFB2CF0D6AD00499F0D;
			minimizedProjectReferenceProxies = 1;
			preferredProjectObjectVersion = 77;
			productRefGroup = 0C56AD052CF0D6AD00499F0D /* Products */;
			projectDirPath = "";
			projectRoot = "";
			targets = (
				0C56AD032CF0D6AD00499F0D /* MedalCaseApp */,
				0C56AD132CF0D6AF00499F0D /* MedalCaseAppTests */,
				0C56AD1D2CF0D6AF00499F0D /* MedalCaseAppUITests */,
			);
		};
/* End PBXProject section */

/* Begin PBXResourcesBuildPhase section */
		0C56AD022CF0D6AD00499F0D /* Resources */ = {
			isa = PBXResourcesBuildPhase;
			buildActionMask = 2147483647;
			files = (
			);
			runOnlyForDeploymentPostprocessing = 0;
		};
		0C56AD122CF0D6AF00499F0D /* Resources */ = {
			isa = PBXResourcesBuildPhase;
			buildActionMask = 2147483647;
			files = (
			);
			runOnlyForDeploymentPostprocessing = 0;
		};
		0C56AD1C2CF0D6AF00499F0D /* Resources */ = {
			isa = PBXResourcesBuildPhase;
			buildActionMask = 2147483647;
			files = (
			);
			runOnlyForDeploymentPostprocessing = 0;
		};
/* End PBXResourcesBuildPhase section */

/* Begin PBXSourcesBuildPhase section */
		0C56AD002CF0D6AD00499F0D /* Sources */ = {
			isa = PBXSourcesBuildPhase;
			buildActionMask = 2147483647;
			files = (
			);
			runOnlyForDeploymentPostprocessing = 0;
		};
		0C56AD102CF0D6AF00499F0D /* Sources */ = {
			isa = PBXSourcesBuildPhase;
			buildActionMask = 2147483647;
			files = (
			);
			runOnlyForDeploymentPostprocessing = 0;
		};
		0C56AD1A2CF0D6AF00499F0D /* Sources */ = {
			isa = PBXSourcesBuildPhase;
			buildActionMask = 2147483647;
			files = (
			);
			runOnlyForDeploymentPostprocessing = 0;
		};
/* End PBXSourcesBuildPhase section */

/* Begin PBXTargetDependency section */
		0C56AD162CF0D6AF00499F0D /* PBXTargetDependency */ = {
			isa = PBXTargetDependency;
			target = 0C56AD032CF0D6AD00499F0D /* MedalCaseApp */;
			targetProxy = 0C56AD152CF0D6AF00499F0D /* PBXContainerItemProxy */;
		};
		0C56AD202CF0D6AF00499F0D /* PBXTargetDependency */ = {
			isa = PBXTargetDependency;
			target = 0C56AD032CF0D6AD00499F0D /* MedalCaseApp */;
			targetProxy = 0C56AD1F2CF0D6AF00499F0D /* PBXContainerItemProxy */;
		};
/* End PBXTargetDependency section */

/* Begin XCBuildConfiguration section */
		0C56AD262CF0D6B000499F0D /* Debug */ = {
			isa = XCBuildConfiguration;
			buildSettings = {
				ALWAYS_SEARCH_USER_PATHS = NO;
				ASSETCATALOG_COMPILER_GENERATE_SWIFT_ASSET_SYMBOL_EXTENSIONS = YES;
				CLANG_ANALYZER_NONNULL = YES;
				CLANG_ANALYZER_NUMBER_OBJECT_CONVERSION = YES_AGGRESSIVE;
				CLANG_CXX_LANGUAGE_STANDARD = "gnu++20";
				CLANG_ENABLE_MODULES = YES;
				CLANG_ENABLE_OBJC_ARC = YES;
				CLANG_ENABLE_OBJC_WEAK = YES;
				CLANG_WARN_BLOCK_CAPTURE_AUTORELEASING = YES;
				CLANG_WARN_BOOL_CONVERSION = YES;
				CLANG_WARN_COMMA = YES;
				CLANG_WARN_CONSTANT_CONVERSION = YES;
				CLANG_WARN_DEPRECATED_OBJC_IMPLEMENTATIONS = YES;
				CLANG_WARN_DIRECT_OBJC_ISA_USAGE = YES_ERROR;
				CLANG_WARN_DOCUMENTATION_COMMENTS = YES;
				CLANG_WARN_EMPTY_BODY = YES;
				CLANG_WARN_ENUM_CONVERSION = YES;
				CLANG_WARN_INFINITE_RECURSION = YES;
				CLANG_WARN_INT_CONVERSION = YES;
				CLANG_WARN_NON_LITERAL_NULL_CONVERSION = YES;
				CLANG_WARN_OBJC_IMPLICIT_RETAIN_SELF = YES;
				CLANG_WARN_OBJC_LITERAL_CONVERSION = YES;
				CLANG_WARN_OBJC_ROOT_CLASS = YES_ERROR;
				CLANG_WARN_QUOTED_INCLUDE_IN_FRAMEWORK_HEADER = YES;
				CLANG_WARN_RANGE_LOOP_ANALYSIS = YES;
				CLANG_WARN_STRICT_PROTOTYPES = YES;
				CLANG_WARN_SUSPICIOUS_MOVE = YES;
				CLANG_WARN_UNGUARDED_AVAILABILITY = YES_AGGRESSIVE;
				CLANG_WARN_UNREACHABLE_CODE = YES;
				CLANG_WARN__DUPLICATE_METHOD_MATCH = YES;
				COPY_PHASE_STRIP = NO;
				DEBUG_INFORMATION_FORMAT = dwarf;
				ENABLE_STRICT_OBJC_MSGSEND = YES;
				ENABLE_TESTABILITY = YES;
				ENABLE_USER_SCRIPT_SANDBOXING = YES;
				GCC_C_LANGUAGE_STANDARD = gnu17;
				GCC_DYNAMIC_NO_PIC = NO;
				GCC_NO_COMMON_BLOCKS = YES;
				GCC_OPTIMIZATION_LEVEL = 0;
				GCC_PREPROCESSOR_DEFINITIONS = (
					"DEBUG=1",
					"$(inherited)",
				);
				GCC_WARN_64_TO_32_BIT_CONVERSION = YES;
				GCC_WARN_ABOUT_RETURN_TYPE = YES_ERROR;
				GCC_WARN_UNDECLARED_SELECTOR = YES;
				GCC_WARN_UNINITIALIZED_AUTOS = YES_AGGRESSIVE;
				GCC_WARN_UNUSED_FUNCTION = YES;
				GCC_WARN_UNUSED_VARIABLE = YES;
				IPHONEOS_DEPLOYMENT_TARGET = 18.1;
				LOCALIZATION_PREFERS_STRING_CATALOGS = YES;
				MTL_ENABLE_DEBUG_INFO = INCLUDE_SOURCE;
				MTL_FAST_MATH = YES;
				ONLY_ACTIVE_ARCH = YES;
				SDKROOT = iphoneos;
				SWIFT_ACTIVE_COMPILATION_CONDITIONS = "DEBUG $(inherited)";
				SWIFT_OPTIMIZATION_LEVEL = "-Onone";
			};
			name = Debug;
		};
		0C56AD272CF0D6B000499F0D /* Release */ = {
			isa = XCBuildConfiguration;
			buildSettings = {
				ALWAYS_SEARCH_USER_PATHS = NO;
				ASSETCATALOG_COMPILER_GENERATE_SWIFT_ASSET_SYMBOL_EXTENSIONS = YES;
				CLANG_ANALYZER_NONNULL = YES;
				CLANG_ANALYZER_NUMBER_OBJECT_CONVERSION = YES_AGGRESSIVE;
				CLANG_CXX_LANGUAGE_STANDARD = "gnu++20";
				CLANG_ENABLE_MODULES = YES;
				CLANG_ENABLE_OBJC_ARC = YES;
				CLANG_ENABLE_OBJC_WEAK = YES;
				CLANG_WARN_BLOCK_CAPTURE_AUTORELEASING = YES;
				CLANG_WARN_BOOL_CONVERSION = YES;
				CLANG_WARN_COMMA = YES;
				CLANG_WARN_CONSTANT_CONVERSION = YES;
				CLANG_WARN_DEPRECATED_OBJC_IMPLEMENTATIONS = YES;
				CLANG_WARN_DIRECT_OBJC_ISA_USAGE = YES_ERROR;
				CLANG_WARN_DOCUMENTATION_COMMENTS = YES;
				CLANG_WARN_EMPTY_BODY = YES;
				CLANG_WARN_ENUM_CONVERSION = YES;
				CLANG_WARN_INFINITE_RECURSION = YES;
				CLANG_WARN_INT_CONVERSION = YES;
				CLANG_WARN_NON_LITERAL_NULL_CONVERSION = YES;
				CLANG_WARN_OBJC_IMPLICIT_RETAIN_SELF = YES;
				CLANG_WARN_OBJC_LITERAL_CONVERSION = YES;
				CLANG_WARN_OBJC_ROOT_CLASS = YES_ERROR;
				CLANG_WARN_QUOTED_INCLUDE_IN_FRAMEWORK_HEADER = YES;
				CLANG_WARN_RANGE_LOOP_ANALYSIS = YES;
				CLANG_WARN_STRICT_PROTOTYPES = YES;
				CLANG_WARN_SUSPICIOUS_MOVE = YES;
				CLANG_WARN_UNGUARDED_AVAILABILITY = YES_AGGRESSIVE;
				CLANG_WARN_UNREACHABLE_CODE = YES;
				CLANG_WARN__DUPLICATE_METHOD_MATCH = YES;
				COPY_PHASE_STRIP = NO;
				DEBUG_INFORMATION_FORMAT = "dwarf-with-dsym";
				ENABLE_NS_ASSERTIONS = NO;
				ENABLE_STRICT_OBJC_MSGSEND = YES;
				ENABLE_USER_SCRIPT_SANDBOXING = YES;
				GCC_C_LANGUAGE_STANDARD = gnu17;
				GCC_NO_COMMON_BLOCKS = YES;
				GCC_WARN_64_TO_32_BIT_CONVERSION = YES;
				GCC_WARN_ABOUT_RETURN_TYPE = YES_ERROR;
				GCC_WARN_UNDECLARED_SELECTOR = YES;
				GCC_WARN_UNINITIALIZED_AUTOS = YES_AGGRESSIVE;
				GCC_WARN_UNUSED_FUNCTION = YES;
				GCC_WARN_UNUSED_VARIABLE = YES;
				IPHONEOS_DEPLOYMENT_TARGET = 18.1;
				LOCALIZATION_PREFERS_STRING_CATALOGS = YES;
				MTL_ENABLE_DEBUG_INFO = NO;
				MTL_FAST_MATH = YES;
				SDKROOT = iphoneos;
				SWIFT_COMPILATION_MODE = wholemodule;
				VALIDATE_PRODUCT = YES;
			};
			name = Release;
		};
		0C56AD292CF0D6B000499F0D /* Debug */ = {
			isa = XCBuildConfiguration;
			buildSettings = {
				ASSETCATALOG_COMPILER_APPICON_NAME = AppIcon;
				ASSETCATALOG_COMPILER_GLOBAL_ACCENT_COLOR_NAME = AccentColor;
				CODE_SIGN_STYLE = Automatic;
				CURRENT_PROJECT_VERSION = 1;
				DEVELOPMENT_ASSET_PATHS = "";
				DEVELOPMENT_TEAM = N3K98D8WTG;
				ENABLE_PREVIEWS = YES;
				GENERATE_INFOPLIST_FILE = YES;
				INFOPLIST_KEY_UIApplicationSceneManifest_Generation = YES;
				INFOPLIST_KEY_UIApplicationSupportsIndirectInputEvents = YES;
				INFOPLIST_KEY_UILaunchScreen_Generation = YES;
				INFOPLIST_KEY_UISupportedInterfaceOrientations_iPad = "UIInterfaceOrientationPortrait UIInterfaceOrientationPortraitUpsideDown UIInterfaceOrientationLandscapeLeft UIInterfaceOrientationLandscapeRight";
				INFOPLIST_KEY_UISupportedInterfaceOrientations_iPhone = "UIInterfaceOrientationPortrait UIInterfaceOrientationLandscapeLeft UIInterfaceOrientationLandscapeRight";
				LD_RUNPATH_SEARCH_PATHS = (
					"$(inherited)",
					"@executable_path/Frameworks",
				);
				MARKETING_VERSION = 1.0;
				PRODUCT_BUNDLE_IDENTIFIER = ASICS.MedalCaseApp;
				PRODUCT_NAME = "$(TARGET_NAME)";
				SWIFT_EMIT_LOC_STRINGS = YES;
				SWIFT_VERSION = 5.0;
				TARGETED_DEVICE_FAMILY = "1,2";
			};
			name = Debug;
		};
		0C56AD2A2CF0D6B000499F0D /* Release */ = {
			isa = XCBuildConfiguration;
			buildSettings = {
				ASSETCATALOG_COMPILER_APPICON_NAME = AppIcon;
				ASSETCATALOG_COMPILER_GLOBAL_ACCENT_COLOR_NAME = AccentColor;
				CODE_SIGN_STYLE = Automatic;
				CURRENT_PROJECT_VERSION = 1;
				DEVELOPMENT_ASSET_PATHS = "";
				DEVELOPMENT_TEAM = N3K98D8WTG;
				ENABLE_PREVIEWS = YES;
				GENERATE_INFOPLIST_FILE = YES;
				INFOPLIST_KEY_UIApplicationSceneManifest_Generation = YES;
				INFOPLIST_KEY_UIApplicationSupportsIndirectInputEvents = YES;
				INFOPLIST_KEY_UILaunchScreen_Generation = YES;
				INFOPLIST_KEY_UISupportedInterfaceOrientations_iPad = "UIInterfaceOrientationPortrait UIInterfaceOrientationPortraitUpsideDown UIInterfaceOrientationLandscapeLeft UIInterfaceOrientationLandscapeRight";
				INFOPLIST_KEY_UISupportedInterfaceOrientations_iPhone = "UIInterfaceOrientationPortrait UIInterfaceOrientationLandscapeLeft UIInterfaceOrientationLandscapeRight";
				LD_RUNPATH_SEARCH_PATHS = (
					"$(inherited)",
					"@executable_path/Frameworks",
				);
				MARKETING_VERSION = 1.0;
				PRODUCT_BUNDLE_IDENTIFIER = ASICS.MedalCaseApp;
				PRODUCT_NAME = "$(TARGET_NAME)";
				SWIFT_EMIT_LOC_STRINGS = YES;
				SWIFT_VERSION = 5.0;
				TARGETED_DEVICE_FAMILY = "1,2";
			};
			name = Release;
		};
		0C56AD2C2CF0D6B000499F0D /* Debug */ = {
			isa = XCBuildConfiguration;
			buildSettings = {
				BUNDLE_LOADER = "$(TEST_HOST)";
				CODE_SIGN_STYLE = Automatic;
				CURRENT_PROJECT_VERSION = 1;
				DEVELOPMENT_TEAM = N3K98D8WTG;
				GENERATE_INFOPLIST_FILE = YES;
				IPHONEOS_DEPLOYMENT_TARGET = 18.1;
				MARKETING_VERSION = 1.0;
				PRODUCT_BUNDLE_IDENTIFIER = ASICS.MedalCaseAppTests;
				PRODUCT_NAME = "$(TARGET_NAME)";
				SWIFT_EMIT_LOC_STRINGS = NO;
				SWIFT_VERSION = 5.0;
				TARGETED_DEVICE_FAMILY = "1,2";
				TEST_HOST = "$(BUILT_PRODUCTS_DIR)/MedalCaseApp.app/$(BUNDLE_EXECUTABLE_FOLDER_PATH)/MedalCaseApp";
			};
			name = Debug;
		};
		0C56AD2D2CF0D6B000499F0D /* Release */ = {
			isa = XCBuildConfiguration;
			buildSettings = {
				BUNDLE_LOADER = "$(TEST_HOST)";
				CODE_SIGN_STYLE = Automatic;
				CURRENT_PROJECT_VERSION = 1;
				DEVELOPMENT_TEAM = N3K98D8WTG;
				GENERATE_INFOPLIST_FILE = YES;
				IPHONEOS_DEPLOYMENT_TARGET = 18.1;
				MARKETING_VERSION = 1.0;
				PRODUCT_BUNDLE_IDENTIFIER = ASICS.MedalCaseAppTests;
				PRODUCT_NAME = "$(TARGET_NAME)";
				SWIFT_EMIT_LOC_STRINGS = NO;
				SWIFT_VERSION = 5.0;
				TARGETED_DEVICE_FAMILY = "1,2";
				TEST_HOST = "$(BUILT_PRODUCTS_DIR)/MedalCaseApp.app/$(BUNDLE_EXECUTABLE_FOLDER_PATH)/MedalCaseApp";
			};
			name = Release;
		};
		0C56AD2F2CF0D6B000499F0D /* Debug */ = {
			isa = XCBuildConfiguration;
			buildSettings = {
				CODE_SIGN_STYLE = Automatic;
				CURRENT_PROJECT_VERSION = 1;
				DEVELOPMENT_TEAM = N3K98D8WTG;
				GENERATE_INFOPLIST_FILE = YES;
				MARKETING_VERSION = 1.0;
				PRODUCT_BUNDLE_IDENTIFIER = ASICS.MedalCaseAppUITests;
				PRODUCT_NAME = "$(TARGET_NAME)";
				SWIFT_EMIT_LOC_STRINGS = NO;
				SWIFT_VERSION = 5.0;
				TARGETED_DEVICE_FAMILY = "1,2";
				TEST_TARGET_NAME = MedalCaseApp;
			};
			name = Debug;
		};
		0C56AD302CF0D6B000499F0D /* Release */ = {
			isa = XCBuildConfiguration;
			buildSettings = {
				CODE_SIGN_STYLE = Automatic;
				CURRENT_PROJECT_VERSION = 1;
				DEVELOPMENT_TEAM = N3K98D8WTG;
				GENERATE_INFOPLIST_FILE = YES;
				MARKETING_VERSION = 1.0;
				PRODUCT_BUNDLE_IDENTIFIER = ASICS.MedalCaseAppUITests;
				PRODUCT_NAME = "$(TARGET_NAME)";
				SWIFT_EMIT_LOC_STRINGS = NO;
				SWIFT_VERSION = 5.0;
				TARGETED_DEVICE_FAMILY = "1,2";
				TEST_TARGET_NAME = MedalCaseApp;
			};
			name = Release;
		};
/* End XCBuildConfiguration section */

/* Begin XCConfigurationList section */
		0C56ACFF2CF0D6AD00499F0D /* Build configuration list for PBXProject "MedalCaseApp" */ = {
			isa = XCConfigurationList;
			buildConfigurations = (
				0C56AD262CF0D6B000499F0D /* Debug */,
				0C56AD272CF0D6B000499F0D /* Release */,
			);
			defaultConfigurationIsVisible = 0;
			defaultConfigurationName = Release;
		};
		0C56AD282CF0D6B000499F0D /* Build configuration list for PBXNativeTarget "MedalCaseApp" */ = {
			isa = XCConfigurationList;
			buildConfigurations = (
				0C56AD292CF0D6B000499F0D /* Debug */,
				0C56AD2A2CF0D6B000499F0D /* Release */,
			);
			defaultConfigurationIsVisible = 0;
			defaultConfigurationName = Release;
		};
		0C56AD2B2CF0D6B000499F0D /* Build configuration list for PBXNativeTarget "MedalCaseAppTests" */ = {
			isa = XCConfigurationList;
			buildConfigurations = (
				0C56AD2C2CF0D6B000499F0D /* Debug */,
				0C56AD2D2CF0D6B000499F0D /* Release */,
			);
			defaultConfigurationIsVisible = 0;
			defaultConfigurationName = Release;
		};
		0C56AD2E2CF0D6B000499F0D /* Build configuration list for PBXNativeTarget "MedalCaseAppUITests" */ = {
			isa = XCConfigurationList;
			buildConfigurations = (
				0C56AD2F2CF0D6B000499F0D /* Debug */,
				0C56AD302CF0D6B000499F0D /* Release */,
			);
			defaultConfigurationIsVisible = 0;
			defaultConfigurationName = Release;
		};
/* End XCConfigurationList section */
	};
	rootObject = 0C56ACFC2CF0D6AD00499F0D /* Project object */;
}
